
Microsoft Visual Studio Solution File, Format Version 12.00
# Visual Studio Version 17
VisualStudioVersion = 17.5.002.0
MinimumVisualStudioVersion = 10.0.40219.1
Project("{9A19103F-16F7-4668-BE54-9A1E7A4F7556}") = "MyFirstAzureWebApp", "MyFirstAzureWebApp.csproj", "{44C32C43-08C9-4257-9097-20BCBAADF35F}"
EndProject
Global
	GlobalSection(SolutionConfigurationPlatforms) = preSolution
		Debug|Any CPU = Debug|Any CPU
		Release|Any CPU = Release|Any CPU
	EndGlobalSection
	GlobalSection(ProjectConfigurationPlatforms) = postSolution
		{44C32C43-08C9-4257-9097-20BCBAADF35F}.Debug|Any CPU.ActiveCfg = Debug|Any CPU
		{44C32C43-08C9-4257-9097-20BCBAADF35F}.Debug|Any CPU.Build.0 = Debug|Any CPU
		{44C32C43-08C9-4257-9097-20BCBAADF35F}.Release|Any CPU.ActiveCfg = Release|Any CPU
		{44C32C43-08C9-4257-9097-20BCBAADF35F}.Release|Any CPU.Build.0 = Release|Any CPU
	EndGlobalSection
	GlobalSection(SolutionProperties) = preSolution
		HideSolutionNode = FALSE
	EndGlobalSection
	GlobalSection(ExtensibilityGlobals) = postSolution
		SolutionGuid = {8AA3C831-90CC-4715-B62D-17D4F29E1AEE}
	EndGlobalSection
EndGlobal
